
Microsoft Visual Studio Solution File, Format Version 12.00
# Visual Studio Version 17
VisualStudioVersion = 17.14.37411.7
MinimumVisualStudioVersion = 10.0.40219.1
Project("{FAE04EC0-301F-11D3-BF4B-00C04F79EFBC}") = "HostalManager.API", "HostalManager.API\HostalManager.API.csproj", "{133A1BB3-8347-4940-91C2-CB6B17AD9CF4}"
EndProject
Project("{FAE04EC0-301F-11D3-BF4B-00C04F79EFBC}") = "HostalManager.Domain", "HostalManager.Domain\HostalManager.Domain.csproj", "{00F3AB57-4E50-4266-9669-110674258E76}"
EndProject
Project("{FAE04EC0-301F-11D3-BF4B-00C04F79EFBC}") = "HostalManager.Infrastructure", "HostalManager.Infrastructure\HostalManager.Infrastructure.csproj", "{268E4B46-8DC6-4EAD-824F-CE27C1CEE8D7}"
EndProject
Project("{2150E333-8FDC-42A3-9474-1A3956D46DE8}") = "Elementos de la solución", "Elementos de la solución", "{D107F4C8-89CC-BEA8-D3D7-CA6B7733353D}"
	ProjectSection(SolutionItems) = preProject
		.gitignore = .gitignore
	EndProjectSection
EndProject
Project("{FAE04EC0-301F-11D3-BF4B-00C04F79EFBC}") = "HostalManager.Application", "HostalManager.Application\HostalManager.Application.csproj", "{A8F8F86F-C2EF-4821-B6AC-3F636312EB78}"
EndProject
Global
	GlobalSection(SolutionConfigurationPlatforms) = preSolution
		Debug|Any CPU = Debug|Any CPU
		Release|Any CPU = Release|Any CPU
	EndGlobalSection
	GlobalSection(ProjectConfigurationPlatforms) = postSolution
		{133A1BB3-8347-4940-91C2-CB6B17AD9CF4}.Debug|Any CPU.ActiveCfg = Debug|Any CPU
		{133A1BB3-8347-4940-91C2-CB6B17AD9CF4}.Debug|Any CPU.Build.0 = Debug|Any CPU
		{133A1BB3-8347-4940-91C2-CB6B17AD9CF4}.Release|Any CPU.ActiveCfg = Release|Any CPU
		{133A1BB3-8347-4940-91C2-CB6B17AD9CF4}.Release|Any CPU.Build.0 = Release|Any CPU
		{00F3AB57-4E50-4266-9669-110674258E76}.Debug|Any CPU.ActiveCfg = Debug|Any CPU
		{00F3AB57-4E50-4266-9669-110674258E76}.Debug|Any CPU.Build.0 = Debug|Any CPU
		{00F3AB57-4E50-4266-9669-110674258E76}.Release|Any CPU.ActiveCfg = Release|Any CPU
		{00F3AB57-4E50-4266-9669-110674258E76}.Release|Any CPU.Build.0 = Release|Any CPU
		{268E4B46-8DC6-4EAD-824F-CE27C1CEE8D7}.Debug|Any CPU.ActiveCfg = Debug|Any CPU
		{268E4B46-8DC6-4EAD-824F-CE27C1CEE8D7}.Debug|Any CPU.Build.0 = Debug|Any CPU
		{268E4B46-8DC6-4EAD-824F-CE27C1CEE8D7}.Release|Any CPU.ActiveCfg = Release|Any CPU
		{268E4B46-8DC6-4EAD-824F-CE27C1CEE8D7}.Release|Any CPU.Build.0 = Release|Any CPU
		{A8F8F86F-C2EF-4821-B6AC-3F636312EB78}.Debug|Any CPU.ActiveCfg = Debug|Any CPU
		{A8F8F86F-C2EF-4821-B6AC-3F636312EB78}.Debug|Any CPU.Build.0 = Debug|Any CPU
		{A8F8F86F-C2EF-4821-B6AC-3F636312EB78}.Release|Any CPU.ActiveCfg = Release|Any CPU
		{A8F8F86F-C2EF-4821-B6AC-3F636312EB78}.Release|Any CPU.Build.0 = Release|Any CPU
	EndGlobalSection
	GlobalSection(SolutionProperties) = preSolution
		HideSolutionNode = FALSE
	EndGlobalSection
	GlobalSection(ExtensibilityGlobals) = postSolution
		SolutionGuid = {A5790C1D-56C7-444A-A2FE-9A2F4A7AC579}
	EndGlobalSection
EndGlobal
